
Microsoft Visual Studio Solution File, Format Version 12.00
# Visual Studio 14
VisualStudioVersion = 14.0.25420.1
MinimumVisualStudioVersion = 10.0.40219.1
Project("{FAE04EC0-301F-11D3-BF4B-00C04F79EFBC}") = "AutoFramework", "AutoFramework\AutoFramework.csproj", "{78F5470C-A5F1-4D28-9058-07907372EC25}"
EndProject
Project("{FAE04EC0-301F-11D3-BF4B-00C04F79EFBC}") = "AutoTests", "AutoTests\AutoTests.csproj", "{C5473BD2-3F00-47CE-B808-304DE5F73DFD}"
EndProject
Global
	GlobalSection(SolutionConfigurationPlatforms) = preSolution
		Debug|Any CPU = Debug|Any CPU
		Release|Any CPU = Release|Any CPU
	EndGlobalSection
	GlobalSection(ProjectConfigurationPlatforms) = postSolution
		{78F5470C-A5F1-4D28-9058-07907372EC25}.Debug|Any CPU.ActiveCfg = Debug|Any CPU
		{78F5470C-A5F1-4D28-9058-07907372EC25}.Debug|Any CPU.Build.0 = Debug|Any CPU
		{78F5470C-A5F1-4D28-9058-07907372EC25}.Release|Any CPU.ActiveCfg = Release|Any CPU
		{78F5470C-A5F1-4D28-9058-07907372EC25}.Release|Any CPU.Build.0 = Release|Any CPU
		{C5473BD2-3F00-47CE-B808-304DE5F73DFD}.Debug|Any CPU.ActiveCfg = Debug|Any CPU
		{C5473BD2-3F00-47CE-B808-304DE5F73DFD}.Debug|Any CPU.Build.0 = Debug|Any CPU
		{C5473BD2-3F00-47CE-B808-304DE5F73DFD}.Release|Any CPU.ActiveCfg = Release|Any CPU
		{C5473BD2-3F00-47CE-B808-304DE5F73DFD}.Release|Any CPU.Build.0 = Release|Any CPU
	EndGlobalSection
	GlobalSection(SolutionProperties) = preSolution
		HideSolutionNode = FALSE
	EndGlobalSection
EndGlobal
